
Microsoft Visual Studio Solution File, Format Version 12.00
# Visual Studio Version 17
VisualStudioVersion = 17.1.32210.238
MinimumVisualStudioVersion = 10.0.40219.1
Project("{FAE04EC0-301F-11D3-BF4B-00C04F79EFBC}") = "MovieLibrary", "MovieLibrary\MovieLibrary.csproj", "{0A229B7D-07F3-4A27-BA37-41151F650366}"
EndProject
Global
	GlobalSection(SolutionConfigurationPlatforms) = preSolution
		Debug|Any CPU = Debug|Any CPU
		Release|Any CPU = Release|Any CPU
	EndGlobalSection
	GlobalSection(ProjectConfigurationPlatforms) = postSolution
		{0A229B7D-07F3-4A27-BA37-41151F650366}.Debug|Any CPU.ActiveCfg = Debug|Any CPU
		{0A229B7D-07F3-4A27-BA37-41151F650366}.Debug|Any CPU.Build.0 = Debug|Any CPU
		{0A229B7D-07F3-4A27-BA37-41151F650366}.Release|Any CPU.ActiveCfg = Release|Any CPU
		{0A229B7D-07F3-4A27-BA37-41151F650366}.Release|Any CPU.Build.0 = Release|Any CPU
	EndGlobalSection
	GlobalSection(SolutionProperties) = preSolution
		HideSolutionNode = FALSE
	EndGlobalSection
	GlobalSection(ExtensibilityGlobals) = postSolution
		SolutionGuid = {5B383CE4-15C1-449A-A452-EE1BA845C9F4}
	EndGlobalSection
EndGlobal
